
Microsoft Visual Studio Solution File, Format Version 12.00
# Visual Studio Version 16
VisualStudioVersion = 16.0.31019.35
MinimumVisualStudioVersion = 10.0.40219.1
Project("{FAE04EC0-301F-11D3-BF4B-00C04F79EFBC}") = "Form_扫雷", "Form_扫雷\Form_扫雷.csproj", "{6004E2BF-6756-46D7-BFCD-32CB839D210E}"
EndProject
Global
	GlobalSection(SolutionConfigurationPlatforms) = preSolution
		Debug|Any CPU = Debug|Any CPU
		Release|Any CPU = Release|Any CPU
	EndGlobalSection
	GlobalSection(ProjectConfigurationPlatforms) = postSolution
		{6004E2BF-6756-46D7-BFCD-32CB839D210E}.Debug|Any CPU.ActiveCfg = Debug|Any CPU
		{6004E2BF-6756-46D7-BFCD-32CB839D210E}.Debug|Any CPU.Build.0 = Debug|Any CPU
		{6004E2BF-6756-46D7-BFCD-32CB839D210E}.Release|Any CPU.ActiveCfg = Release|Any CPU
		{6004E2BF-6756-46D7-BFCD-32CB839D210E}.Release|Any CPU.Build.0 = Release|Any CPU
	EndGlobalSection
	GlobalSection(SolutionProperties) = preSolution
		HideSolutionNode = FALSE
	EndGlobalSection
	GlobalSection(ExtensibilityGlobals) = postSolution
		SolutionGuid = {0648F15B-10C7-404D-9413-491E43B5C4D8}
	EndGlobalSection
EndGlobal
